
Microsoft Visual Studio Solution File, Format Version 12.00
# Visual Studio 15
VisualStudioVersion = 15.0.28010.2016
MinimumVisualStudioVersion = 10.0.40219.1
Project("{FAE04EC0-301F-11D3-BF4B-00C04F79EFBC}") = "BooleanSearch", "BooleanSearch\BooleanSearch.csproj", "{0AD7A90B-5C09-419E-AB62-DFCCEA26EA38}"
EndProject
Global
	GlobalSection(SolutionConfigurationPlatforms) = preSolution
		Debug|Any CPU = Debug|Any CPU
		Release|Any CPU = Release|Any CPU
	EndGlobalSection
	GlobalSection(ProjectConfigurationPlatforms) = postSolution
		{0AD7A90B-5C09-419E-AB62-DFCCEA26EA38}.Debug|Any CPU.ActiveCfg = Debug|Any CPU
		{0AD7A90B-5C09-419E-AB62-DFCCEA26EA38}.Debug|Any CPU.Build.0 = Debug|Any CPU
		{0AD7A90B-5C09-419E-AB62-DFCCEA26EA38}.Release|Any CPU.ActiveCfg = Release|Any CPU
		{0AD7A90B-5C09-419E-AB62-DFCCEA26EA38}.Release|Any CPU.Build.0 = Release|Any CPU
	EndGlobalSection
	GlobalSection(SolutionProperties) = preSolution
		HideSolutionNode = FALSE
	EndGlobalSection
	GlobalSection(ExtensibilityGlobals) = postSolution
		SolutionGuid = {0817D871-D844-4EC1-BB37-6F016BE51FEF}
	EndGlobalSection
EndGlobal
